
Microsoft Visual Studio Solution File, Format Version 12.00
# Visual Studio Version 16
VisualStudioVersion = 16.0.33328.57
MinimumVisualStudioVersion = 10.0.40219.1
Project("{FAE04EC0-301F-11D3-BF4B-00C04F79EFBC}") = "SkillFactory_4_1_18", "SkillFactory_4_1_18.csproj", "{C0DF0906-435C-4E71-8284-AB166106F461}"
EndProject
Global
	GlobalSection(SolutionConfigurationPlatforms) = preSolution
		Debug|Any CPU = Debug|Any CPU
		Release|Any CPU = Release|Any CPU
	EndGlobalSection
	GlobalSection(ProjectConfigurationPlatforms) = postSolution
		{C0DF0906-435C-4E71-8284-AB166106F461}.Debug|Any CPU.ActiveCfg = Debug|Any CPU
		{C0DF0906-435C-4E71-8284-AB166106F461}.Debug|Any CPU.Build.0 = Debug|Any CPU
		{C0DF0906-435C-4E71-8284-AB166106F461}.Release|Any CPU.ActiveCfg = Release|Any CPU
		{C0DF0906-435C-4E71-8284-AB166106F461}.Release|Any CPU.Build.0 = Release|Any CPU
	EndGlobalSection
	GlobalSection(SolutionProperties) = preSolution
		HideSolutionNode = FALSE
	EndGlobalSection
	GlobalSection(ExtensibilityGlobals) = postSolution
		SolutionGuid = {8B821588-AFC3-40B2-84AC-74D909288579}
	EndGlobalSection
EndGlobal
